# THIS IS AN AUTOGENERATED FILE. DO NOT EDIT THIS FILE DIRECTLY.
# yarn lockfile v1


loadsh@0.0.2:
  version "0.0.2"
  resolved "https://registry.yarnpkg.com/loadsh/-/loadsh-0.0.2.tgz#558e8e3b1b91faa14fc752dc9524a2bba0b290c4"
  integrity sha512-GUxbEQFBVcNECP7wEPQIzCHTOkxvfAMfczI8lZ1E4BWggbko3KYwHrSBOJIl9ojAF4HMKVHs8StG2uhxRoHpvw==

vue@2.5.10:
  version "2.5.10"
  resolved "https://registry.yarnpkg.com/vue/-/vue-2.5.10.tgz#dcd772e2594ba994145f2f09522149d9a1e7841a"
  integrity sha512-svnce7F8Oe0cWscno2ABnq5ir3tQoQYXe2CkR7SiNGKmNyBDXhJj9Y7mXUodZytsssIvbooEH9DRrp58cOuWNA==
